// !$*UTF8*$!
{
	archiveVersion = 1;
	classes = {
	};
	objectVersion = 48;
	objects = {

/* Begin PBXBuildFile section */
		40400E50202E04F600490BAC /* userInput.swift in Sources */ = {isa = PBXBuildFile; fileRef = 40400E4F202E04F600490BAC /* userInput.swift */; };
		40D79056202DC74100DE590C /* AppDelegate.swift in Sources */ = {isa = PBXBuildFile; fileRef = 40D79055202DC74100DE590C /* AppDelegate.swift */; };
		40D79058202DC74100DE590C /* ViewController.swift in Sources */ = {isa = PBXBuildFile; fileRef = 40D79057202DC74100DE590C /* ViewController.swift */; };
		40D7905B202DC74100DE590C /* Main.storyboard in Resources */ = {isa = PBXBuildFile; fileRef = 40D79059202DC74100DE590C /* Main.storyboard */; };
		40D7905D202DC74100DE590C /* Assets.xcassets in Resources */ = {isa = PBXBuildFile; fileRef = 40D7905C202DC74100DE590C /* Assets.xcassets */; };
		40D79060202DC74100DE590C /* LaunchScreen.storyboard in Resources */ = {isa = PBXBuildFile; fileRef = 40D7905E202DC74100DE590C /* LaunchScreen.storyboard */; };
		40D7906A202DD80E00DE590C /* pict in Resources */ = {isa = PBXBuildFile; fileRef = 40D79069202DD80E00DE590C /* pict */; };
		902D33FE6F994F94B170C038 /* Pods_AlamofireTemplate.framework in Frameworks */ = {isa = PBXBuildFile; fileRef = 3D1E8CEDBB2ABB79205C3347 /* Pods_AlamofireTemplate.framework */; };
/* End PBXBuildFile section */

/* Begin PBXFileReference section */
		267AF88CF5514137F09798C5 /* Pods-AlamofireTemplate.debug.xcconfig */ = {isa = PBXFileReference; includeInIndex = 1; lastKnownFileType = text.xcconfig; name = "Pods-AlamofireTemplate.debug.xcconfig"; path = "Pods/Target Support Files/Pods-AlamofireTemplate/Pods-AlamofireTemplate.debug.xcconfig"; sourceTree = "<group>"; };
		3D1E8CEDBB2ABB79205C3347 /* Pods_AlamofireTemplate.framework */ = {isa = PBXFileReference; explicitFileType = wrapper.framework; includeInIndex = 0; path = Pods_AlamofireTemplate.framework; sourceTree = BUILT_PRODUCTS_DIR; };
		40400E4F202E04F600490BAC /* userInput.swift */ = {isa = PBXFileReference; lastKnownFileType = sourcecode.swift; path = userInput.swift; sourceTree = "<group>"; };
		40D79052202DC74100DE590C /* AlamofireTemplate.app */ = {isa = PBXFileReference; explicitFileType = wrapper.application; includeInIndex = 0; path = AlamofireTemplate.app; sourceTree = BUILT_PRODUCTS_DIR; };
		40D79055202DC74100DE590C /* AppDelegate.swift */ = {isa = PBXFileReference; lastKnownFileType = sourcecode.swift; path = AppDelegate.swift; sourceTree = "<group>"; };
		40D79057202DC74100DE590C /* ViewController.swift */ = {isa = PBXFileReference; lastKnownFileType = sourcecode.swift; path = ViewController.swift; sourceTree = "<group>"; };
		40D7905A202DC74100DE590C /* Base */ = {isa = PBXFileReference; lastKnownFileType = file.storyboard; name = Base; path = Base.lproj/Main.storyboard; sourceTree = "<group>"; };
		40D7905C202DC74100DE590C /* Assets.xcassets */ = {isa = PBXFileReference; lastKnownFileType = folder.assetcatalog; path = Assets.xcassets; sourceTree = "<group>"; };
		40D7905F202DC74100DE590C /* Base */ = {isa = PBXFileReference; lastKnownFileType = file.storyboard; name = Base; path = Base.lproj/LaunchScreen.storyboard; sourceTree = "<group>"; };
		40D79061202DC74100DE590C /* Info.plist */ = {isa = PBXFileReference; lastKnownFileType = text.plist.xml; path = Info.plist; sourceTree = "<group>"; };
		40D79069202DD80E00DE590C /* pict */ = {isa = PBXFileReference; lastKnownFileType = folder; path = pict; sourceTree = "<group>"; };
		EE34040395F32E199F329E88 /* Pods-AlamofireTemplate.release.xcconfig */ = {isa = PBXFileReference; includeInIndex = 1; lastKnownFileType = text.xcconfig; name = "Pods-AlamofireTemplate.release.xcconfig"; path = "Pods/Target Support Files/Pods-AlamofireTemplate/Pods-AlamofireTemplate.release.xcconfig"; sourceTree = "<group>"; };
/* End PBXFileReference section */

/* Begin PBXFrameworksBuildPhase section */
		40D7904F202DC74100DE590C /* Frameworks */ = {
			isa = PBXFrameworksBuildPhase;
			buildActionMask = 2147483647;
			files = (
				902D33FE6F994F94B170C038 /* Pods_AlamofireTemplate.framework in Frameworks */,
			);
			runOnlyForDeploymentPostprocessing = 0;
		};
/* End PBXFrameworksBuildPhase section */

/* Begin PBXGroup section */
		15AB88AB901247563FF2EEF5 /* Pods */ = {
			isa = PBXGroup;
			children = (
				267AF88CF5514137F09798C5 /* Pods-AlamofireTemplate.debug.xcconfig */,
				EE34040395F32E199F329E88 /* Pods-AlamofireTemplate.release.xcconfig */,
			);
			name = Pods;
			sourceTree = "<group>";
		};
		40400E4E202DECF800490BAC /* Model */ = {
			isa = PBXGroup;
			children = (
				40400E4F202E04F600490BAC /* userInput.swift */,
			);
			path = Model;
			sourceTree = "<group>";
		};
		40D79049202DC74100DE590C = {
			isa = PBXGroup;
			children = (
				40D79054202DC74100DE590C /* AlamofireTemplate */,
				40D79053202DC74100DE590C /* Products */,
				15AB88AB901247563FF2EEF5 /* Pods */,
				888F57A33658ACC99756A227 /* Frameworks */,
			);
			sourceTree = "<group>";
		};
		40D79053202DC74100DE590C /* Products */ = {
			isa = PBXGroup;
			children = (
				40D79052202DC74100DE590C /* AlamofireTemplate.app */,
			);
			name = Products;
			sourceTree = "<group>";
		};
		40D79054202DC74100DE590C /* AlamofireTemplate */ = {
			isa = PBXGroup;
			children = (
				40400E4E202DECF800490BAC /* Model */,
				40D7906B202DECC500DE590C /* Controller */,
				40D7906C202DECD600DE590C /* View */,
				40D7905C202DC74100DE590C /* Assets.xcassets */,
				40D79061202DC74100DE590C /* Info.plist */,
				40D79069202DD80E00DE590C /* pict */,
			);
			path = AlamofireTemplate;
			sourceTree = "<group>";
		};
		40D7906B202DECC500DE590C /* Controller */ = {
			isa = PBXGroup;
			children = (
				40D79055202DC74100DE590C /* AppDelegate.swift */,
				40D79057202DC74100DE590C /* ViewController.swift */,
			);
			path = Controller;
			sourceTree = "<group>";
		};
		40D7906C202DECD600DE590C /* View */ = {
			isa = PBXGroup;
			children = (
				40D79059202DC74100DE590C /* Main.storyboard */,
				40D7905E202DC74100DE590C /* LaunchScreen.storyboard */,
			);
			path = View;
			sourceTree = "<group>";
		};
		888F57A33658ACC99756A227 /* Frameworks */ = {
			isa = PBXGroup;
			children = (
				3D1E8CEDBB2ABB79205C3347 /* Pods_AlamofireTemplate.framework */,
			);
			name = Frameworks;
			sourceTree = "<group>";
		};
/* End PBXGroup section */

/* Begin PBXNativeTarget section */
		40D79051202DC74100DE590C /* AlamofireTemplate */ = {
			isa = PBXNativeTarget;
			buildConfigurationList = 40D79064202DC74100DE590C /* Build configuration list for PBXNativeTarget "AlamofireTemplate" */;
			buildPhases = (
				DC8EC845AF520CFF33624C49 /* [CP] Check Pods Manifest.lock */,
				40D7904E202DC74100DE590C /* Sources */,
				40D7904F202DC74100DE590C /* Frameworks */,
				40D79050202DC74100DE590C /* Resources */,
				3C91F458BAA0A4AF43B9ECC3 /* [CP] Embed Pods Frameworks */,
				FAE67CC72B239E011C21E48B /* [CP] Copy Pods Resources */,
			);
			buildRules = (
			);
			dependencies = (
			);
			name = AlamofireTemplate;
			productName = AlamofireTemplate;
			productReference = 40D79052202DC74100DE590C /* AlamofireTemplate.app */;
			productType = "com.apple.product-type.application";
		};
/* End PBXNativeTarget section */

/* Begin PBXProject section */
		40D7904A202DC74100DE590C /* Project object */ = {
			isa = PBXProject;
			attributes = {
				LastSwiftUpdateCheck = 0920;
				LastUpgradeCheck = 0920;
				ORGANIZATIONNAME = "Sarvad shetty";
				TargetAttributes = {
					40D79051202DC74100DE590C = {
						CreatedOnToolsVersion = 9.2;
						ProvisioningStyle = Automatic;
					};
				};
			};
			buildConfigurationList = 40D7904D202DC74100DE590C /* Build configuration list for PBXProject "AlamofireTemplate" */;
			compatibilityVersion = "Xcode 8.0";
			developmentRegion = en;
			hasScannedForEncodings = 0;
			knownRegions = (
				en,
				Base,
			);
			mainGroup = 40D79049202DC74100DE590C;
			productRefGroup = 40D79053202DC74100DE590C /* Products */;
			projectDirPath = "";
			projectRoot = "";
			targets = (
				40D79051202DC74100DE590C /* AlamofireTemplate */,
			);
		};
/* End PBXProject section */

/* Begin PBXResourcesBuildPhase section */
		40D79050202DC74100DE590C /* Resources */ = {
			isa = PBXResourcesBuildPhase;
			buildActionMask = 2147483647;
			files = (
				40D7906A202DD80E00DE590C /* pict in Resources */,
				40D79060202DC74100DE590C /* LaunchScreen.storyboard in Resources */,
				40D7905D202DC74100DE590C /* Assets.xcassets in Resources */,
				40D7905B202DC74100DE590C /* Main.storyboard in Resources */,
			);
			runOnlyForDeploymentPostprocessing = 0;
		};
/* End PBXResourcesBuildPhase section */

/* Begin PBXShellScriptBuildPhase section */
		3C91F458BAA0A4AF43B9ECC3 /* [CP] Embed Pods Frameworks */ = {
			isa = PBXShellScriptBuildPhase;
			buildActionMask = 2147483647;
			files = (
			);
			inputPaths = (
				"${SRCROOT}/Pods/Target Support Files/Pods-AlamofireTemplate/Pods-AlamofireTemplate-frameworks.sh",
				"${BUILT_PRODUCTS_DIR}/Alamofire/Alamofire.framework",
				"${BUILT_PRODUCTS_DIR}/SwiftyJSON/SwiftyJSON.framework",
			);
			name = "[CP] Embed Pods Frameworks";
			outputPaths = (
				"${TARGET_BUILD_DIR}/${FRAMEWORKS_FOLDER_PATH}/Alamofire.framework",
				"${TARGET_BUILD_DIR}/${FRAMEWORKS_FOLDER_PATH}/SwiftyJSON.framework",
			);
			runOnlyForDeploymentPostprocessing = 0;
			shellPath = /bin/sh;
			shellScript = "\"${SRCROOT}/Pods/Target Support Files/Pods-AlamofireTemplate/Pods-AlamofireTemplate-frameworks.sh\"\n";
			showEnvVarsInLog = 0;
		};
		DC8EC845AF520CFF33624C49 /* [CP] Check Pods Manifest.lock */ = {
			isa = PBXShellScriptBuildPhase;
			buildActionMask = 2147483647;
			files = (
			);
			inputPaths = (
				"${PODS_PODFILE_DIR_PATH}/Podfile.lock",
				"${PODS_ROOT}/Manifest.lock",
			);
			name = "[CP] Check Pods Manifest.lock";
			outputPaths = (
				"$(DERIVED_FILE_DIR)/Pods-AlamofireTemplate-checkManifestLockResult.txt",
			);
			runOnlyForDeploymentPostprocessing = 0;
			shellPath = /bin/sh;
			shellScript = "diff \"${PODS_PODFILE_DIR_PATH}/Podfile.lock\" \"${PODS_ROOT}/Manifest.lock\" > /dev/null\nif [ $? != 0 ] ; then\n    # print error to STDERR\n    echo \"error: The sandbox is not in sync with the Podfile.lock. Run 'pod install' or update your CocoaPods installation.\" >&2\n    exit 1\nfi\n# This output is used by Xcode 'outputs' to avoid re-running this script phase.\necho \"SUCCESS\" > \"${SCRIPT_OUTPUT_FILE_0}\"\n";
			showEnvVarsInLog = 0;
		};
		FAE67CC72B239E011C21E48B /* [CP] Copy Pods Resources */ = {
			isa = PBXShellScriptBuildPhase;
			buildActionMask = 2147483647;
			files = (
			);
			inputPaths = (
			);
			name = "[CP] Copy Pods Resources";
			outputPaths = (
			);
			runOnlyForDeploymentPostprocessing = 0;
			shellPath = /bin/sh;
			shellScript = "\"${SRCROOT}/Pods/Target Support Files/Pods-AlamofireTemplate/Pods-AlamofireTemplate-resources.sh\"\n";
			showEnvVarsInLog = 0;
		};
/* End PBXShellScriptBuildPhase section */

/* Begin PBXSourcesBuildPhase section */
		40D7904E202DC74100DE590C /* Sources */ = {
			isa = PBXSourcesBuildPhase;
			buildActionMask = 2147483647;
			files = (
				40D79058202DC74100DE590C /* ViewController.swift in Sources */,
				40D79056202DC74100DE590C /* AppDelegate.swift in Sources */,
				40400E50202E04F600490BAC /* userInput.swift in Sources */,
			);
			runOnlyForDeploymentPostprocessing = 0;
		};
/* End PBXSourcesBuildPhase section */

/* Begin PBXVariantGroup section */
		40D79059202DC74100DE590C /* Main.storyboard */ = {
			isa = PBXVariantGroup;
			children = (
				40D7905A202DC74100DE590C /* Base */,
			);
			name = Main.storyboard;
			sourceTree = "<group>";
		};
		40D7905E202DC74100DE590C /* LaunchScreen.storyboard */ = {
			isa = PBXVariantGroup;
			children = (
				40D7905F202DC74100DE590C /* Base */,
			);
			name = LaunchScreen.storyboard;
			sourceTree = "<group>";
		};
/* End PBXVariantGroup section */

/* Begin XCBuildConfiguration section */
		40D79062202DC74100DE590C /* Debug */ = {
			isa = XCBuildConfiguration;
			buildSettings = {
				ALWAYS_SEARCH_USER_PATHS = NO;
				CLANG_ANALYZER_NONNULL = YES;
				CLANG_ANALYZER_NUMBER_OBJECT_CONVERSION = YES_AGGRESSIVE;
				CLANG_CXX_LANGUAGE_STANDARD = "gnu++14";
				CLANG_CXX_LIBRARY = "libc++";
				CLANG_ENABLE_MODULES = YES;
				CLANG_ENABLE_OBJC_ARC = YES;
				CLANG_WARN_BLOCK_CAPTURE_AUTORELEASING = YES;
				CLANG_WARN_BOOL_CONVERSION = YES;
				CLANG_WARN_COMMA = YES;
				CLANG_WARN_CONSTANT_CONVERSION = YES;
				CLANG_WARN_DIRECT_OBJC_ISA_USAGE = YES_ERROR;
				CLANG_WARN_DOCUMENTATION_COMMENTS = YES;
				CLANG_WARN_EMPTY_BODY = YES;
				CLANG_WARN_ENUM_CONVERSION = YES;
				CLANG_WARN_INFINITE_RECURSION = YES;
				CLANG_WARN_INT_CONVERSION = YES;
				CLANG_WARN_NON_LITERAL_NULL_CONVERSION = YES;
				CLANG_WARN_OBJC_LITERAL_CONVERSION = YES;
				CLANG_WARN_OBJC_ROOT_CLASS = YES_ERROR;
				CLANG_WARN_RANGE_LOOP_ANALYSIS = YES;
				CLANG_WARN_STRICT_PROTOTYPES = YES;
				CLANG_WARN_SUSPICIOUS_MOVE = YES;
				CLANG_WARN_UNGUARDED_AVAILABILITY = YES_AGGRESSIVE;
				CLANG_WARN_UNREACHABLE_CODE = YES;
				CLANG_WARN__DUPLICATE_METHOD_MATCH = YES;
				CODE_SIGN_IDENTITY = "iPhone Developer";
				COPY_PHASE_STRIP = NO;
				DEBUG_INFORMATION_FORMAT = dwarf;
				ENABLE_STRICT_OBJC_MSGSEND = YES;
				ENABLE_TESTABILITY = YES;
				GCC_C_LANGUAGE_STANDARD = gnu11;
				GCC_DYNAMIC_NO_PIC = NO;
				GCC_NO_COMMON_BLOCKS = YES;
				GCC_OPTIMIZATION_LEVEL = 0;
				GCC_PREPROCESSOR_DEFINITIONS = (
					"DEBUG=1",
					"$(inherited)",
				);
				GCC_WARN_64_TO_32_BIT_CONVERSION = YES;
				GCC_WARN_ABOUT_RETURN_TYPE = YES_ERROR;
				GCC_WARN_UNDECLARED_SELECTOR = YES;
				GCC_WARN_UNINITIALIZED_AUTOS = YES_AGGRESSIVE;
				GCC_WARN_UNUSED_FUNCTION = YES;
				GCC_WARN_UNUSED_VARIABLE = YES;
				IPHONEOS_DEPLOYMENT_TARGET = 11.2;
				MTL_ENABLE_DEBUG_INFO = YES;
				ONLY_ACTIVE_ARCH = YES;
				SDKROOT = iphoneos;
				SWIFT_ACTIVE_COMPILATION_CONDITIONS = DEBUG;
				SWIFT_OPTIMIZATION_LEVEL = "-Onone";
			};
			name = Debug;
		};
		40D79063202DC74100DE590C /* Release */ = {
			isa = XCBuildConfiguration;
			buildSettings = {
				ALWAYS_SEARCH_USER_PATHS = NO;
				CLANG_ANALYZER_NONNULL = YES;
				CLANG_ANALYZER_NUMBER_OBJECT_CONVERSION = YES_AGGRESSIVE;
				CLANG_CXX_LANGUAGE_STANDARD = "gnu++14";
				CLANG_CXX_LIBRARY = "libc++";
				CLANG_ENABLE_MODULES = YES;
				CLANG_ENABLE_OBJC_ARC = YES;
				CLANG_WARN_BLOCK_CAPTURE_AUTORELEASING = YES;
				CLANG_WARN_BOOL_CONVERSION = YES;
				CLANG_WARN_COMMA = YES;
				CLANG_WARN_CONSTANT_CONVERSION = YES;
				CLANG_WARN_DIRECT_OBJC_ISA_USAGE = YES_ERROR;
				CLANG_WARN_DOCUMENTATION_COMMENTS = YES;
				CLANG_WARN_EMPTY_BODY = YES;
				CLANG_WARN_ENUM_CONVERSION = YES;
				CLANG_WARN_INFINITE_RECURSION = YES;
				CLANG_WARN_INT_CONVERSION = YES;
				CLANG_WARN_NON_LITERAL_NULL_CONVERSION = YES;
				CLANG_WARN_OBJC_LITERAL_CONVERSION = YES;
				CLANG_WARN_OBJC_ROOT_CLASS = YES_ERROR;
				CLANG_WARN_RANGE_LOOP_ANALYSIS = YES;
				CLANG_WARN_STRICT_PROTOTYPES = YES;
				CLANG_WARN_SUSPICIOUS_MOVE = YES;
				CLANG_WARN_UNGUARDED_AVAILABILITY = YES_AGGRESSIVE;
				CLANG_WARN_UNREACHABLE_CODE = YES;
				CLANG_WARN__DUPLICATE_METHOD_MATCH = YES;
				CODE_SIGN_IDENTITY = "iPhone Developer";
				COPY_PHASE_STRIP = NO;
				DEBUG_INFORMATION_FORMAT = "dwarf-with-dsym";
				ENABLE_NS_ASSERTIONS = NO;
				ENABLE_STRICT_OBJC_MSGSEND = YES;
				GCC_C_LANGUAGE_STANDARD = gnu11;
				GCC_NO_COMMON_BLOCKS = YES;
				GCC_WARN_64_TO_32_BIT_CONVERSION = YES;
				GCC_WARN_ABOUT_RETURN_TYPE = YES_ERROR;
				GCC_WARN_UNDECLARED_SELECTOR = YES;
				GCC_WARN_UNINITIALIZED_AUTOS = YES_AGGRESSIVE;
				GCC_WARN_UNUSED_FUNCTION = YES;
				GCC_WARN_UNUSED_VARIABLE = YES;
				IPHONEOS_DEPLOYMENT_TARGET = 11.2;
				MTL_ENABLE_DEBUG_INFO = NO;
				SDKROOT = iphoneos;
				SWIFT_OPTIMIZATION_LEVEL = "-Owholemodule";
				VALIDATE_PRODUCT = YES;
			};
			name = Release;
		};
		40D79065202DC74100DE590C /* Debug */ = {
			isa = XCBuildConfiguration;
			baseConfigurationReference = 267AF88CF5514137F09798C5 /* Pods-AlamofireTemplate.debug.xcconfig */;
			buildSettings = {
				ASSETCATALOG_COMPILER_APPICON_NAME = AppIcon;
				CODE_SIGN_STYLE = Automatic;
				DEVELOPMENT_TEAM = N4FDL334LZ;
				INFOPLIST_FILE = AlamofireTemplate/Info.plist;
				LD_RUNPATH_SEARCH_PATHS = "$(inherited) @executable_path/Frameworks";
				PRODUCT_BUNDLE_IDENTIFIER = "Sarvad-Shetty.AlamofireTemplate";
				PRODUCT_NAME = "$(TARGET_NAME)";
				SWIFT_VERSION = 4.0;
				TARGETED_DEVICE_FAMILY = "1,2";
			};
			name = Debug;
		};
		40D79066202DC74100DE590C /* Release */ = {
			isa = XCBuildConfiguration;
			baseConfigurationReference = EE34040395F32E199F329E88 /* Pods-AlamofireTemplate.release.xcconfig */;
			buildSettings = {
				ASSETCATALOG_COMPILER_APPICON_NAME = AppIcon;
				CODE_SIGN_STYLE = Automatic;
				DEVELOPMENT_TEAM = N4FDL334LZ;
				INFOPLIST_FILE = AlamofireTemplate/Info.plist;
				LD_RUNPATH_SEARCH_PATHS = "$(inherited) @executable_path/Frameworks";
				PRODUCT_BUNDLE_IDENTIFIER = "Sarvad-Shetty.AlamofireTemplate";
				PRODUCT_NAME = "$(TARGET_NAME)";
				SWIFT_VERSION = 4.0;
				TARGETED_DEVICE_FAMILY = "1,2";
			};
			name = Release;
		};
/* End XCBuildConfiguration section */

/* Begin XCConfigurationList section */
		40D7904D202DC74100DE590C /* Build configuration list for PBXProject "AlamofireTemplate" */ = {
			isa = XCConfigurationList;
			buildConfigurations = (
				40D79062202DC74100DE590C /* Debug */,
				40D79063202DC74100DE590C /* Release */,
			);
			defaultConfigurationIsVisible = 0;
			defaultConfigurationName = Release;
		};
		40D79064202DC74100DE590C /* Build configuration list for PBXNativeTarget "AlamofireTemplate" */ = {
			isa = XCConfigurationList;
			buildConfigurations = (
				40D79065202DC74100DE590C /* Debug */,
				40D79066202DC74100DE590C /* Release */,
			);
			defaultConfigurationIsVisible = 0;
			defaultConfigurationName = Release;
		};
/* End XCConfigurationList section */
	};
	rootObject = 40D7904A202DC74100DE590C /* Project object */;
}
